
Microsoft Visual Studio Solution File, Format Version 12.00
# Visual Studio 15
VisualStudioVersion = 15.0.28307.572
MinimumVisualStudioVersion = 10.0.40219.1
Project("{9A19103F-16F7-4668-BE54-9A1E7A4F7556}") = "LogginService.ClienteCore", "LoggignService.ClienteCore\LogginService.ClienteCore.csproj", "{61CCBE8C-1DFD-4F37-80CA-F22B49C884C7}"
EndProject
Project("{9A19103F-16F7-4668-BE54-9A1E7A4F7556}") = "LogginService.LoggerAPI", "LoggignService.LoggerAPI\LogginService.LoggerAPI.csproj", "{0134CB79-0AD0-4E63-8601-490DBC50D0DD}"
EndProject
Global
	GlobalSection(SolutionConfigurationPlatforms) = preSolution
		Debug|Any CPU = Debug|Any CPU
		Release|Any CPU = Release|Any CPU
	EndGlobalSection
	GlobalSection(ProjectConfigurationPlatforms) = postSolution
		{61CCBE8C-1DFD-4F37-80CA-F22B49C884C7}.Debug|Any CPU.ActiveCfg = Debug|Any CPU
		{61CCBE8C-1DFD-4F37-80CA-F22B49C884C7}.Debug|Any CPU.Build.0 = Debug|Any CPU
		{61CCBE8C-1DFD-4F37-80CA-F22B49C884C7}.Release|Any CPU.ActiveCfg = Release|Any CPU
		{61CCBE8C-1DFD-4F37-80CA-F22B49C884C7}.Release|Any CPU.Build.0 = Release|Any CPU
		{0134CB79-0AD0-4E63-8601-490DBC50D0DD}.Debug|Any CPU.ActiveCfg = Debug|Any CPU
		{0134CB79-0AD0-4E63-8601-490DBC50D0DD}.Debug|Any CPU.Build.0 = Debug|Any CPU
		{0134CB79-0AD0-4E63-8601-490DBC50D0DD}.Release|Any CPU.ActiveCfg = Release|Any CPU
		{0134CB79-0AD0-4E63-8601-490DBC50D0DD}.Release|Any CPU.Build.0 = Release|Any CPU
	EndGlobalSection
	GlobalSection(SolutionProperties) = preSolution
		HideSolutionNode = FALSE
	EndGlobalSection
	GlobalSection(ExtensibilityGlobals) = postSolution
		SolutionGuid = {2D381946-B160-47A4-8FD5-201BF4F53E47}
	EndGlobalSection
EndGlobal
