
Microsoft Visual Studio Solution File, Format Version 12.00
# Visual Studio Version 16
VisualStudioVersion = 16.0.29230.47
MinimumVisualStudioVersion = 10.0.40219.1
Project("{FAE04EC0-301F-11D3-BF4B-00C04F79EFBC}") = "ApiStateBasedTesting.WebApi", "ApiStateBasedTesting.WebApi\ApiStateBasedTesting.WebApi.csproj", "{14912C1D-D2BD-4F5D-BE6F-9BA658EEFE09}"
EndProject
Project("{FAE04EC0-301F-11D3-BF4B-00C04F79EFBC}") = "ApiStateBasedTesting.Tests", "ApiStateBasedTesting.Tests\ApiStateBasedTesting.Tests.csproj", "{4782D947-FF35-4BCD-9AC2-94640E86257C}"
EndProject
Global
	GlobalSection(SolutionConfigurationPlatforms) = preSolution
		Debug|Any CPU = Debug|Any CPU
		Release|Any CPU = Release|Any CPU
	EndGlobalSection
	GlobalSection(ProjectConfigurationPlatforms) = postSolution
		{14912C1D-D2BD-4F5D-BE6F-9BA658EEFE09}.Debug|Any CPU.ActiveCfg = Debug|Any CPU
		{14912C1D-D2BD-4F5D-BE6F-9BA658EEFE09}.Debug|Any CPU.Build.0 = Debug|Any CPU
		{14912C1D-D2BD-4F5D-BE6F-9BA658EEFE09}.Release|Any CPU.ActiveCfg = Release|Any CPU
		{14912C1D-D2BD-4F5D-BE6F-9BA658EEFE09}.Release|Any CPU.Build.0 = Release|Any CPU
		{4782D947-FF35-4BCD-9AC2-94640E86257C}.Debug|Any CPU.ActiveCfg = Debug|Any CPU
		{4782D947-FF35-4BCD-9AC2-94640E86257C}.Debug|Any CPU.Build.0 = Debug|Any CPU
		{4782D947-FF35-4BCD-9AC2-94640E86257C}.Release|Any CPU.ActiveCfg = Release|Any CPU
		{4782D947-FF35-4BCD-9AC2-94640E86257C}.Release|Any CPU.Build.0 = Release|Any CPU
	EndGlobalSection
	GlobalSection(SolutionProperties) = preSolution
		HideSolutionNode = FALSE
	EndGlobalSection
	GlobalSection(ExtensibilityGlobals) = postSolution
		SolutionGuid = {32C96A5F-FC8C-4C5C-B6D2-86EC63EB6364}
	EndGlobalSection
EndGlobal
